
Microsoft Visual Studio Solution File, Format Version 12.00
# Visual Studio Version 17
VisualStudioVersion = 17.14.36603.0 d17.14
MinimumVisualStudioVersion = 10.0.40219.1
Project("{FAE04EC0-301F-11D3-BF4B-00C04F79EFBC}") = "finction", "finction\finction.csproj", "{947761BA-1811-4253-A286-AEFB0E55B5D9}"
EndProject
Global
	GlobalSection(SolutionConfigurationPlatforms) = preSolution
		Debug|Any CPU = Debug|Any CPU
		Release|Any CPU = Release|Any CPU
	EndGlobalSection
	GlobalSection(ProjectConfigurationPlatforms) = postSolution
		{947761BA-1811-4253-A286-AEFB0E55B5D9}.Debug|Any CPU.ActiveCfg = Debug|Any CPU
		{947761BA-1811-4253-A286-AEFB0E55B5D9}.Debug|Any CPU.Build.0 = Debug|Any CPU
		{947761BA-1811-4253-A286-AEFB0E55B5D9}.Release|Any CPU.ActiveCfg = Release|Any CPU
		{947761BA-1811-4253-A286-AEFB0E55B5D9}.Release|Any CPU.Build.0 = Release|Any CPU
	EndGlobalSection
	GlobalSection(SolutionProperties) = preSolution
		HideSolutionNode = FALSE
	EndGlobalSection
	GlobalSection(ExtensibilityGlobals) = postSolution
		SolutionGuid = {DAC7C986-5F95-4E85-8411-7390A4710B3E}
	EndGlobalSection
EndGlobal
